// !$*UTF8*$!
{
	archiveVersion = 1;
	classes = {
	};
	objectVersion = 55;
	objects = {

/* Begin PBXBuildFile section */
		66CECF28278E090300BED3BC /* AppDelegate.swift in Sources */ = {isa = PBXBuildFile; fileRef = 66CECF27278E090300BED3BC /* AppDelegate.swift */; };
		66CECF2A278E090300BED3BC /* SceneDelegate.swift in Sources */ = {isa = PBXBuildFile; fileRef = 66CECF29278E090300BED3BC /* SceneDelegate.swift */; };
		66CECF32278E090300BED3BC /* BowTies.xcdatamodeld in Sources */ = {isa = PBXBuildFile; fileRef = 66CECF30278E090300BED3BC /* BowTies.xcdatamodeld */; };
		66CECF34278E090500BED3BC /* Assets.xcassets in Resources */ = {isa = PBXBuildFile; fileRef = 66CECF33278E090500BED3BC /* Assets.xcassets */; };
		66CECF37278E090500BED3BC /* LaunchScreen.storyboard in Resources */ = {isa = PBXBuildFile; fileRef = 66CECF35278E090500BED3BC /* LaunchScreen.storyboard */; };
		66CECF3F278E09B500BED3BC /* BowTiesController.swift in Sources */ = {isa = PBXBuildFile; fileRef = 66CECF3E278E09B500BED3BC /* BowTiesController.swift */; };
		66CECF41278E09D100BED3BC /* BowTiesView.storyboard in Resources */ = {isa = PBXBuildFile; fileRef = 66CECF40278E09D100BED3BC /* BowTiesView.storyboard */; };
		66CECF4A2790881D00BED3BC /* BowTiesData.plist in Resources */ = {isa = PBXBuildFile; fileRef = 66CECF492790881D00BED3BC /* BowTiesData.plist */; };
/* End PBXBuildFile section */

/* Begin PBXFileReference section */
		66CECF24278E090300BED3BC /* BowTies.app */ = {isa = PBXFileReference; explicitFileType = wrapper.application; includeInIndex = 0; path = BowTies.app; sourceTree = BUILT_PRODUCTS_DIR; };
		66CECF27278E090300BED3BC /* AppDelegate.swift */ = {isa = PBXFileReference; lastKnownFileType = sourcecode.swift; path = AppDelegate.swift; sourceTree = "<group>"; };
		66CECF29278E090300BED3BC /* SceneDelegate.swift */ = {isa = PBXFileReference; lastKnownFileType = sourcecode.swift; path = SceneDelegate.swift; sourceTree = "<group>"; };
		66CECF31278E090300BED3BC /* BowTies.xcdatamodel */ = {isa = PBXFileReference; lastKnownFileType = wrapper.xcdatamodel; path = BowTies.xcdatamodel; sourceTree = "<group>"; };
		66CECF33278E090500BED3BC /* Assets.xcassets */ = {isa = PBXFileReference; lastKnownFileType = folder.assetcatalog; path = Assets.xcassets; sourceTree = "<group>"; };
		66CECF36278E090500BED3BC /* Base */ = {isa = PBXFileReference; lastKnownFileType = file.storyboard; name = Base; path = Base.lproj/LaunchScreen.storyboard; sourceTree = "<group>"; };
		66CECF38278E090500BED3BC /* Info.plist */ = {isa = PBXFileReference; lastKnownFileType = text.plist.xml; path = Info.plist; sourceTree = "<group>"; };
		66CECF3E278E09B500BED3BC /* BowTiesController.swift */ = {isa = PBXFileReference; lastKnownFileType = sourcecode.swift; path = BowTiesController.swift; sourceTree = "<group>"; };
		66CECF40278E09D100BED3BC /* BowTiesView.storyboard */ = {isa = PBXFileReference; lastKnownFileType = file.storyboard; path = BowTiesView.storyboard; sourceTree = "<group>"; };
		66CECF492790881D00BED3BC /* BowTiesData.plist */ = {isa = PBXFileReference; fileEncoding = 4; lastKnownFileType = text.plist.xml; path = BowTiesData.plist; sourceTree = "<group>"; };
/* End PBXFileReference section */

/* Begin PBXFrameworksBuildPhase section */
		66CECF21278E090300BED3BC /* Frameworks */ = {
			isa = PBXFrameworksBuildPhase;
			buildActionMask = 2147483647;
			files = (
			);
			runOnlyForDeploymentPostprocessing = 0;
		};
/* End PBXFrameworksBuildPhase section */

/* Begin PBXGroup section */
		66CECF1B278E090300BED3BC = {
			isa = PBXGroup;
			children = (
				66CECF26278E090300BED3BC /* BowTies */,
				66CECF25278E090300BED3BC /* Products */,
			);
			sourceTree = "<group>";
		};
		66CECF25278E090300BED3BC /* Products */ = {
			isa = PBXGroup;
			children = (
				66CECF24278E090300BED3BC /* BowTies.app */,
			);
			name = Products;
			sourceTree = "<group>";
		};
		66CECF26278E090300BED3BC /* BowTies */ = {
			isa = PBXGroup;
			children = (
				66CECF45278E0C0100BED3BC /* Screens */,
				66CECF44278E0BF700BED3BC /* Utilities */,
			);
			path = BowTies;
			sourceTree = "<group>";
		};
		66CECF44278E0BF700BED3BC /* Utilities */ = {
			isa = PBXGroup;
			children = (
				66CECF48278E0D7C00BED3BC /* Screenshots */,
				66CECF27278E090300BED3BC /* AppDelegate.swift */,
				66CECF29278E090300BED3BC /* SceneDelegate.swift */,
				66CECF492790881D00BED3BC /* BowTiesData.plist */,
				66CECF33278E090500BED3BC /* Assets.xcassets */,
				66CECF38278E090500BED3BC /* Info.plist */,
			);
			path = Utilities;
			sourceTree = "<group>";
		};
		66CECF45278E0C0100BED3BC /* Screens */ = {
			isa = PBXGroup;
			children = (
				66CECF47278E0C1B00BED3BC /* Launch */,
				66CECF46278E0C1100BED3BC /* BowTies */,
			);
			path = Screens;
			sourceTree = "<group>";
		};
		66CECF46278E0C1100BED3BC /* BowTies */ = {
			isa = PBXGroup;
			children = (
				66CECF3E278E09B500BED3BC /* BowTiesController.swift */,
				66CECF40278E09D100BED3BC /* BowTiesView.storyboard */,
				66CECF30278E090300BED3BC /* BowTies.xcdatamodeld */,
			);
			path = BowTies;
			sourceTree = "<group>";
		};
		66CECF47278E0C1B00BED3BC /* Launch */ = {
			isa = PBXGroup;
			children = (
				66CECF35278E090500BED3BC /* LaunchScreen.storyboard */,
			);
			path = Launch;
			sourceTree = "<group>";
		};
		66CECF48278E0D7C00BED3BC /* Screenshots */ = {
			isa = PBXGroup;
			children = (
			);
			path = Screenshots;
			sourceTree = "<group>";
		};
/* End PBXGroup section */

/* Begin PBXNativeTarget section */
		66CECF23278E090300BED3BC /* BowTies */ = {
			isa = PBXNativeTarget;
			buildConfigurationList = 66CECF3B278E090500BED3BC /* Build configuration list for PBXNativeTarget "BowTies" */;
			buildPhases = (
				66CECF20278E090300BED3BC /* Sources */,
				66CECF21278E090300BED3BC /* Frameworks */,
				66CECF22278E090300BED3BC /* Resources */,
			);
			buildRules = (
			);
			dependencies = (
			);
			name = BowTies;
			productName = BowTies;
			productReference = 66CECF24278E090300BED3BC /* BowTies.app */;
			productType = "com.apple.product-type.application";
		};
/* End PBXNativeTarget section */

/* Begin PBXProject section */
		66CECF1C278E090300BED3BC /* Project object */ = {
			isa = PBXProject;
			attributes = {
				BuildIndependentTargetsInParallel = 1;
				LastSwiftUpdateCheck = 1320;
				LastUpgradeCheck = 1320;
				ORGANIZATIONNAME = slemeshaev;
				TargetAttributes = {
					66CECF23278E090300BED3BC = {
						CreatedOnToolsVersion = 13.2.1;
					};
				};
			};
			buildConfigurationList = 66CECF1F278E090300BED3BC /* Build configuration list for PBXProject "BowTies" */;
			compatibilityVersion = "Xcode 13.0";
			developmentRegion = en;
			hasScannedForEncodings = 0;
			knownRegions = (
				en,
				Base,
			);
			mainGroup = 66CECF1B278E090300BED3BC;
			productRefGroup = 66CECF25278E090300BED3BC /* Products */;
			projectDirPath = "";
			projectRoot = "";
			targets = (
				66CECF23278E090300BED3BC /* BowTies */,
			);
		};
/* End PBXProject section */

/* Begin PBXResourcesBuildPhase section */
		66CECF22278E090300BED3BC /* Resources */ = {
			isa = PBXResourcesBuildPhase;
			buildActionMask = 2147483647;
			files = (
				66CECF37278E090500BED3BC /* LaunchScreen.storyboard in Resources */,
				66CECF34278E090500BED3BC /* Assets.xcassets in Resources */,
				66CECF4A2790881D00BED3BC /* BowTiesData.plist in Resources */,
				66CECF41278E09D100BED3BC /* BowTiesView.storyboard in Resources */,
			);
			runOnlyForDeploymentPostprocessing = 0;
		};
/* End PBXResourcesBuildPhase section */

/* Begin PBXSourcesBuildPhase section */
		66CECF20278E090300BED3BC /* Sources */ = {
			isa = PBXSourcesBuildPhase;
			buildActionMask = 2147483647;
			files = (
				66CECF32278E090300BED3BC /* BowTies.xcdatamodeld in Sources */,
				66CECF28278E090300BED3BC /* AppDelegate.swift in Sources */,
				66CECF2A278E090300BED3BC /* SceneDelegate.swift in Sources */,
				66CECF3F278E09B500BED3BC /* BowTiesController.swift in Sources */,
			);
			runOnlyForDeploymentPostprocessing = 0;
		};
/* End PBXSourcesBuildPhase section */

/* Begin PBXVariantGroup section */
		66CECF35278E090500BED3BC /* LaunchScreen.storyboard */ = {
			isa = PBXVariantGroup;
			children = (
				66CECF36278E090500BED3BC /* Base */,
			);
			name = LaunchScreen.storyboard;
			sourceTree = "<group>";
		};
/* End PBXVariantGroup section */

/* Begin XCBuildConfiguration section */
		66CECF39278E090500BED3BC /* Debug */ = {
			isa = XCBuildConfiguration;
			buildSettings = {
				ALWAYS_SEARCH_USER_PATHS = NO;
				CLANG_ANALYZER_NONNULL = YES;
				CLANG_ANALYZER_NUMBER_OBJECT_CONVERSION = YES_AGGRESSIVE;
				CLANG_CXX_LANGUAGE_STANDARD = "gnu++17";
				CLANG_CXX_LIBRARY = "libc++";
				CLANG_ENABLE_MODULES = YES;
				CLANG_ENABLE_OBJC_ARC = YES;
				CLANG_ENABLE_OBJC_WEAK = YES;
				CLANG_WARN_BLOCK_CAPTURE_AUTORELEASING = YES;
				CLANG_WARN_BOOL_CONVERSION = YES;
				CLANG_WARN_COMMA = YES;
				CLANG_WARN_CONSTANT_CONVERSION = YES;
				CLANG_WARN_DEPRECATED_OBJC_IMPLEMENTATIONS = YES;
				CLANG_WARN_DIRECT_OBJC_ISA_USAGE = YES_ERROR;
				CLANG_WARN_DOCUMENTATION_COMMENTS = YES;
				CLANG_WARN_EMPTY_BODY = YES;
				CLANG_WARN_ENUM_CONVERSION = YES;
				CLANG_WARN_INFINITE_RECURSION = YES;
				CLANG_WARN_INT_CONVERSION = YES;
				CLANG_WARN_NON_LITERAL_NULL_CONVERSION = YES;
				CLANG_WARN_OBJC_IMPLICIT_RETAIN_SELF = YES;
				CLANG_WARN_OBJC_LITERAL_CONVERSION = YES;
				CLANG_WARN_OBJC_ROOT_CLASS = YES_ERROR;
				CLANG_WARN_QUOTED_INCLUDE_IN_FRAMEWORK_HEADER = YES;
				CLANG_WARN_RANGE_LOOP_ANALYSIS = YES;
				CLANG_WARN_STRICT_PROTOTYPES = YES;
				CLANG_WARN_SUSPICIOUS_MOVE = YES;
				CLANG_WARN_UNGUARDED_AVAILABILITY = YES_AGGRESSIVE;
				CLANG_WARN_UNREACHABLE_CODE = YES;
				CLANG_WARN__DUPLICATE_METHOD_MATCH = YES;
				COPY_PHASE_STRIP = NO;
				DEBUG_INFORMATION_FORMAT = dwarf;
				ENABLE_STRICT_OBJC_MSGSEND = YES;
				ENABLE_TESTABILITY = YES;
				GCC_C_LANGUAGE_STANDARD = gnu11;
				GCC_DYNAMIC_NO_PIC = NO;
				GCC_NO_COMMON_BLOCKS = YES;
				GCC_OPTIMIZATION_LEVEL = 0;
				GCC_PREPROCESSOR_DEFINITIONS = (
					"DEBUG=1",
					"$(inherited)",
				);
				GCC_WARN_64_TO_32_BIT_CONVERSION = YES;
				GCC_WARN_ABOUT_RETURN_TYPE = YES_ERROR;
				GCC_WARN_UNDECLARED_SELECTOR = YES;
				GCC_WARN_UNINITIALIZED_AUTOS = YES_AGGRESSIVE;
				GCC_WARN_UNUSED_FUNCTION = YES;
				GCC_WARN_UNUSED_VARIABLE = YES;
				IPHONEOS_DEPLOYMENT_TARGET = 15.2;
				MTL_ENABLE_DEBUG_INFO = INCLUDE_SOURCE;
				MTL_FAST_MATH = YES;
				ONLY_ACTIVE_ARCH = YES;
				SDKROOT = iphoneos;
				SWIFT_ACTIVE_COMPILATION_CONDITIONS = DEBUG;
				SWIFT_OPTIMIZATION_LEVEL = "-Onone";
			};
			name = Debug;
		};
		66CECF3A278E090500BED3BC /* Release */ = {
			isa = XCBuildConfiguration;
			buildSettings = {
				ALWAYS_SEARCH_USER_PATHS = NO;
				CLANG_ANALYZER_NONNULL = YES;
				CLANG_ANALYZER_NUMBER_OBJECT_CONVERSION = YES_AGGRESSIVE;
				CLANG_CXX_LANGUAGE_STANDARD = "gnu++17";
				CLANG_CXX_LIBRARY = "libc++";
				CLANG_ENABLE_MODULES = YES;
				CLANG_ENABLE_OBJC_ARC = YES;
				CLANG_ENABLE_OBJC_WEAK = YES;
				CLANG_WARN_BLOCK_CAPTURE_AUTORELEASING = YES;
				CLANG_WARN_BOOL_CONVERSION = YES;
				CLANG_WARN_COMMA = YES;
				CLANG_WARN_CONSTANT_CONVERSION = YES;
				CLANG_WARN_DEPRECATED_OBJC_IMPLEMENTATIONS = YES;
				CLANG_WARN_DIRECT_OBJC_ISA_USAGE = YES_ERROR;
				CLANG_WARN_DOCUMENTATION_COMMENTS = YES;
				CLANG_WARN_EMPTY_BODY = YES;
				CLANG_WARN_ENUM_CONVERSION = YES;
				CLANG_WARN_INFINITE_RECURSION = YES;
				CLANG_WARN_INT_CONVERSION = YES;
				CLANG_WARN_NON_LITERAL_NULL_CONVERSION = YES;
				CLANG_WARN_OBJC_IMPLICIT_RETAIN_SELF = YES;
				CLANG_WARN_OBJC_LITERAL_CONVERSION = YES;
				CLANG_WARN_OBJC_ROOT_CLASS = YES_ERROR;
				CLANG_WARN_QUOTED_INCLUDE_IN_FRAMEWORK_HEADER = YES;
				CLANG_WARN_RANGE_LOOP_ANALYSIS = YES;
				CLANG_WARN_STRICT_PROTOTYPES = YES;
				CLANG_WARN_SUSPICIOUS_MOVE = YES;
				CLANG_WARN_UNGUARDED_AVAILABILITY = YES_AGGRESSIVE;
				CLANG_WARN_UNREACHABLE_CODE = YES;
				CLANG_WARN__DUPLICATE_METHOD_MATCH = YES;
				COPY_PHASE_STRIP = NO;
				DEBUG_INFORMATION_FORMAT = "dwarf-with-dsym";
				ENABLE_NS_ASSERTIONS = NO;
				ENABLE_STRICT_OBJC_MSGSEND = YES;
				GCC_C_LANGUAGE_STANDARD = gnu11;
				GCC_NO_COMMON_BLOCKS = YES;
				GCC_WARN_64_TO_32_BIT_CONVERSION = YES;
				GCC_WARN_ABOUT_RETURN_TYPE = YES_ERROR;
				GCC_WARN_UNDECLARED_SELECTOR = YES;
				GCC_WARN_UNINITIALIZED_AUTOS = YES_AGGRESSIVE;
				GCC_WARN_UNUSED_FUNCTION = YES;
				GCC_WARN_UNUSED_VARIABLE = YES;
				IPHONEOS_DEPLOYMENT_TARGET = 15.2;
				MTL_ENABLE_DEBUG_INFO = NO;
				MTL_FAST_MATH = YES;
				SDKROOT = iphoneos;
				SWIFT_COMPILATION_MODE = wholemodule;
				SWIFT_OPTIMIZATION_LEVEL = "-O";
				VALIDATE_PRODUCT = YES;
			};
			name = Release;
		};
		66CECF3C278E090500BED3BC /* Debug */ = {
			isa = XCBuildConfiguration;
			buildSettings = {
				ASSETCATALOG_COMPILER_APPICON_NAME = AppIcon;
				ASSETCATALOG_COMPILER_GLOBAL_ACCENT_COLOR_NAME = AccentColor;
				CODE_SIGN_STYLE = Automatic;
				CURRENT_PROJECT_VERSION = 1;
				DEVELOPMENT_TEAM = 5GWB2H668N;
				GENERATE_INFOPLIST_FILE = YES;
				INFOPLIST_FILE = BowTies/Utilities/Info.plist;
				INFOPLIST_KEY_CFBundleDisplayName = "Bow Ties";
				INFOPLIST_KEY_UIApplicationSupportsIndirectInputEvents = YES;
				INFOPLIST_KEY_UILaunchStoryboardName = LaunchScreen;
				INFOPLIST_KEY_UIMainStoryboardFile = BowTiesView;
				INFOPLIST_KEY_UISupportedInterfaceOrientations = UIInterfaceOrientationPortrait;
				INFOPLIST_KEY_UISupportedInterfaceOrientations_iPad = "UIInterfaceOrientationPortrait UIInterfaceOrientationPortraitUpsideDown UIInterfaceOrientationLandscapeLeft UIInterfaceOrientationLandscapeRight";
				INFOPLIST_KEY_UISupportedInterfaceOrientations_iPhone = "UIInterfaceOrientationPortrait UIInterfaceOrientationLandscapeLeft UIInterfaceOrientationLandscapeRight";
				IPHONEOS_DEPLOYMENT_TARGET = 15.0;
				LD_RUNPATH_SEARCH_PATHS = (
					"$(inherited)",
					"@executable_path/Frameworks",
				);
				MARKETING_VERSION = 1.0;
				PRODUCT_BUNDLE_IDENTIFIER = com.slemeshaev.BowTies;
				PRODUCT_NAME = "$(TARGET_NAME)";
				SWIFT_EMIT_LOC_STRINGS = YES;
				SWIFT_VERSION = 5.0;
				TARGETED_DEVICE_FAMILY = 1;
			};
			name = Debug;
		};
		66CECF3D278E090500BED3BC /* Release */ = {
			isa = XCBuildConfiguration;
			buildSettings = {
				ASSETCATALOG_COMPILER_APPICON_NAME = AppIcon;
				ASSETCATALOG_COMPILER_GLOBAL_ACCENT_COLOR_NAME = AccentColor;
				CODE_SIGN_STYLE = Automatic;
				CURRENT_PROJECT_VERSION = 1;
				DEVELOPMENT_TEAM = 5GWB2H668N;
				GENERATE_INFOPLIST_FILE = YES;
				INFOPLIST_FILE = BowTies/Utilities/Info.plist;
				INFOPLIST_KEY_CFBundleDisplayName = "Bow Ties";
				INFOPLIST_KEY_UIApplicationSupportsIndirectInputEvents = YES;
				INFOPLIST_KEY_UILaunchStoryboardName = LaunchScreen;
				INFOPLIST_KEY_UIMainStoryboardFile = BowTiesView;
				INFOPLIST_KEY_UISupportedInterfaceOrientations = UIInterfaceOrientationPortrait;
				INFOPLIST_KEY_UISupportedInterfaceOrientations_iPad = "UIInterfaceOrientationPortrait UIInterfaceOrientationPortraitUpsideDown UIInterfaceOrientationLandscapeLeft UIInterfaceOrientationLandscapeRight";
				INFOPLIST_KEY_UISupportedInterfaceOrientations_iPhone = "UIInterfaceOrientationPortrait UIInterfaceOrientationLandscapeLeft UIInterfaceOrientationLandscapeRight";
				IPHONEOS_DEPLOYMENT_TARGET = 15.0;
				LD_RUNPATH_SEARCH_PATHS = (
					"$(inherited)",
					"@executable_path/Frameworks",
				);
				MARKETING_VERSION = 1.0;
				PRODUCT_BUNDLE_IDENTIFIER = com.slemeshaev.BowTies;
				PRODUCT_NAME = "$(TARGET_NAME)";
				SWIFT_EMIT_LOC_STRINGS = YES;
				SWIFT_VERSION = 5.0;
				TARGETED_DEVICE_FAMILY = 1;
			};
			name = Release;
		};
/* End XCBuildConfiguration section */

/* Begin XCConfigurationList section */
		66CECF1F278E090300BED3BC /* Build configuration list for PBXProject "BowTies" */ = {
			isa = XCConfigurationList;
			buildConfigurations = (
				66CECF39278E090500BED3BC /* Debug */,
				66CECF3A278E090500BED3BC /* Release */,
			);
			defaultConfigurationIsVisible = 0;
			defaultConfigurationName = Release;
		};
		66CECF3B278E090500BED3BC /* Build configuration list for PBXNativeTarget "BowTies" */ = {
			isa = XCConfigurationList;
			buildConfigurations = (
				66CECF3C278E090500BED3BC /* Debug */,
				66CECF3D278E090500BED3BC /* Release */,
			);
			defaultConfigurationIsVisible = 0;
			defaultConfigurationName = Release;
		};
/* End XCConfigurationList section */

/* Begin XCVersionGroup section */
		66CECF30278E090300BED3BC /* BowTies.xcdatamodeld */ = {
			isa = XCVersionGroup;
			children = (
				66CECF31278E090300BED3BC /* BowTies.xcdatamodel */,
			);
			currentVersion = 66CECF31278E090300BED3BC /* BowTies.xcdatamodel */;
			path = BowTies.xcdatamodeld;
			sourceTree = "<group>";
			versionGroupType = wrapper.xcdatamodel;
		};
/* End XCVersionGroup section */
	};
	rootObject = 66CECF1C278E090300BED3BC /* Project object */;
}
